{
  "name": "api",
  "version": "1.0.0",
  "lockfileVersion": 3,
  "requires": true,
  "packages": {
    "": {
      "name": "api",
      "version": "1.0.0",
      "license": "ISC",
      "dependencies": {
        "fakemarket-common": "file:../fakemarket-common"
      }
    },
    "../fakemarket-common": {
      "version": "1.0.0"
    },
    "node_modules/fakemarket-common": {
      "resolved": "../fakemarket-common",
      "link": true
    }
  }
}
